
Microsoft Visual Studio Solution File, Format Version 12.00
# Visual Studio Version 17
VisualStudioVersion = 17.7.34031.279
MinimumVisualStudioVersion = 10.0.40219.1
Project("{FAE04EC0-301F-11D3-BF4B-00C04F79EFBC}") = "CRUDInMVCJQUERYDatatable", "CRUDInMVCJQUERYDatatable\CRUDInMVCJQUERYDatatable.csproj", "{4091DF88-77FD-4E6D-AC13-73F058C903BC}"
EndProject
Global
	GlobalSection(SolutionConfigurationPlatforms) = preSolution
		Debug|Any CPU = Debug|Any CPU
		Release|Any CPU = Release|Any CPU
	EndGlobalSection
	GlobalSection(ProjectConfigurationPlatforms) = postSolution
		{4091DF88-77FD-4E6D-AC13-73F058C903BC}.Debug|Any CPU.ActiveCfg = Debug|Any CPU
		{4091DF88-77FD-4E6D-AC13-73F058C903BC}.Debug|Any CPU.Build.0 = Debug|Any CPU
		{4091DF88-77FD-4E6D-AC13-73F058C903BC}.Release|Any CPU.ActiveCfg = Release|Any CPU
		{4091DF88-77FD-4E6D-AC13-73F058C903BC}.Release|Any CPU.Build.0 = Release|Any CPU
	EndGlobalSection
	GlobalSection(SolutionProperties) = preSolution
		HideSolutionNode = FALSE
	EndGlobalSection
	GlobalSection(ExtensibilityGlobals) = postSolution
		SolutionGuid = {98C8170E-1278-436E-8E7D-1A5076616369}
	EndGlobalSection
EndGlobal
