
Microsoft Visual Studio Solution File, Format Version 12.00
# Visual Studio Version 17
VisualStudioVersion = 17.7.34031.279
MinimumVisualStudioVersion = 10.0.40219.1
Project("{FAE04EC0-301F-11D3-BF4B-00C04F79EFBC}") = "DataTableJQUERYIntegration", "DataTableJQUERYIntegration\DataTableJQUERYIntegration.csproj", "{621818FD-AFFE-4F33-8F0E-63C9E40350DB}"
EndProject
Global
	GlobalSection(SolutionConfigurationPlatforms) = preSolution
		Debug|Any CPU = Debug|Any CPU
		Release|Any CPU = Release|Any CPU
	EndGlobalSection
	GlobalSection(ProjectConfigurationPlatforms) = postSolution
		{621818FD-AFFE-4F33-8F0E-63C9E40350DB}.Debug|Any CPU.ActiveCfg = Debug|Any CPU
		{621818FD-AFFE-4F33-8F0E-63C9E40350DB}.Debug|Any CPU.Build.0 = Debug|Any CPU
		{621818FD-AFFE-4F33-8F0E-63C9E40350DB}.Release|Any CPU.ActiveCfg = Release|Any CPU
		{621818FD-AFFE-4F33-8F0E-63C9E40350DB}.Release|Any CPU.Build.0 = Release|Any CPU
	EndGlobalSection
	GlobalSection(SolutionProperties) = preSolution
		HideSolutionNode = FALSE
	EndGlobalSection
	GlobalSection(ExtensibilityGlobals) = postSolution
		SolutionGuid = {DBAE9EE4-2CA8-4C29-9383-DF07DB4C2404}
	EndGlobalSection
EndGlobal
